
Microsoft Visual Studio Solution File, Format Version 12.00
# Visual Studio Version 16
VisualStudioVersion = 16.0.29613.14
MinimumVisualStudioVersion = 10.0.40219.1
Project("{FAE04EC0-301F-11D3-BF4B-00C04F79EFBC}") = "Task 1", "Task 1\Task 1.csproj", "{B0D00094-9EA9-44AE-87F1-8593BC072D1B}"
EndProject
Project("{FAE04EC0-301F-11D3-BF4B-00C04F79EFBC}") = "Theater", "Theater\Theater.csproj", "{7683D2AC-8E03-4F6D-9359-1DA051F5BB94}"
EndProject
Global
	GlobalSection(SolutionConfigurationPlatforms) = preSolution
		Debug|Any CPU = Debug|Any CPU
		Release|Any CPU = Release|Any CPU
	EndGlobalSection
	GlobalSection(ProjectConfigurationPlatforms) = postSolution
		{B0D00094-9EA9-44AE-87F1-8593BC072D1B}.Debug|Any CPU.ActiveCfg = Debug|Any CPU
		{B0D00094-9EA9-44AE-87F1-8593BC072D1B}.Debug|Any CPU.Build.0 = Debug|Any CPU
		{B0D00094-9EA9-44AE-87F1-8593BC072D1B}.Release|Any CPU.ActiveCfg = Release|Any CPU
		{B0D00094-9EA9-44AE-87F1-8593BC072D1B}.Release|Any CPU.Build.0 = Release|Any CPU
		{7683D2AC-8E03-4F6D-9359-1DA051F5BB94}.Debug|Any CPU.ActiveCfg = Debug|Any CPU
		{7683D2AC-8E03-4F6D-9359-1DA051F5BB94}.Debug|Any CPU.Build.0 = Debug|Any CPU
		{7683D2AC-8E03-4F6D-9359-1DA051F5BB94}.Release|Any CPU.ActiveCfg = Release|Any CPU
		{7683D2AC-8E03-4F6D-9359-1DA051F5BB94}.Release|Any CPU.Build.0 = Release|Any CPU
	EndGlobalSection
	GlobalSection(SolutionProperties) = preSolution
		HideSolutionNode = FALSE
	EndGlobalSection
	GlobalSection(ExtensibilityGlobals) = postSolution
		SolutionGuid = {D5736466-4839-4986-9298-735A91BD0607}
	EndGlobalSection
EndGlobal
